
Microsoft Visual Studio Solution File, Format Version 12.00
# Visual Studio 2013
VisualStudioVersion = 12.0.21005.1
MinimumVisualStudioVersion = 10.0.40219.1
Project("{FAE04EC0-301F-11D3-BF4B-00C04F79EFBC}") = "AgencyOasis.MediaFramework.Brightcove", "AgencyOasis.MediaFramework.Brightcove\AgencyOasis.MediaFramework.Brightcove.csproj", "{C4CE22B6-2F6F-456D-A502-7914DBC3CEA8}"
EndProject
Project("{FAE04EC0-301F-11D3-BF4B-00C04F79EFBC}") = "Web", "Web\Web.csproj", "{B6C4132F-37F9-4719-8A65-A33A095C4191}"
EndProject
Project("{CAA73BB0-EF22-4D79-A57E-DF67B3BA9C80}") = "TDS.Core", "TDS.Core\TDS.Core.scproj", "{8F19ABE6-26A3-4062-87EC-DA820173916A}"
EndProject
Project("{CAA73BB0-EF22-4D79-A57E-DF67B3BA9C80}") = "TDS.Master", "TDS.Master\TDS.Master.scproj", "{6854339A-849A-451D-937B-A0DA409FBDA6}"
EndProject
Project("{2150E333-8FDC-42A3-9474-1A3956D46DE8}") = ".tds", ".tds", "{7DBCF463-70B4-40B1-8130-1DC864D9394B}"
	ProjectSection(SolutionItems) = preProject
		TdsGlobal.config = TdsGlobal.config
	EndProjectSection
EndProject
Project("{FAE04EC0-301F-11D3-BF4B-00C04F79EFBC}") = "Build", "Build\Build.csproj", "{3113595F-4B0F-4F41-AACA-62990EFA6729}"
EndProject
Project("{2150E333-8FDC-42A3-9474-1A3956D46DE8}") = "Data", "Data", "{17D81DEE-EECA-4938-B14F-693F3DDBA059}"
EndProject
Project("{2150E333-8FDC-42A3-9474-1A3956D46DE8}") = "packages", "packages", "{25D2BA55-EF45-470D-8AA0-6B229ACEAC47}"
	ProjectSection(SolutionItems) = preProject
		Data\packages\Sitecore Media Framework 3.xml = Data\packages\Sitecore Media Framework 3.xml
	EndProjectSection
EndProject
Global
	GlobalSection(SolutionConfigurationPlatforms) = preSolution
		Debug|Any CPU = Debug|Any CPU
		DEV-AOBrightcove|Any CPU = DEV-AOBrightcove|Any CPU
		QA-AOBrightcove|Any CPU = QA-AOBrightcove|Any CPU
		Release|Any CPU = Release|Any CPU
	EndGlobalSection
	GlobalSection(ProjectConfigurationPlatforms) = postSolution
		{C4CE22B6-2F6F-456D-A502-7914DBC3CEA8}.Debug|Any CPU.ActiveCfg = Debug|Any CPU
		{C4CE22B6-2F6F-456D-A502-7914DBC3CEA8}.Debug|Any CPU.Build.0 = Debug|Any CPU
		{C4CE22B6-2F6F-456D-A502-7914DBC3CEA8}.DEV-AOBrightcove|Any CPU.ActiveCfg = DEV-AOBrightcove|Any CPU
		{C4CE22B6-2F6F-456D-A502-7914DBC3CEA8}.DEV-AOBrightcove|Any CPU.Build.0 = DEV-AOBrightcove|Any CPU
		{C4CE22B6-2F6F-456D-A502-7914DBC3CEA8}.QA-AOBrightcove|Any CPU.ActiveCfg = QA-AOBrightcove|Any CPU
		{C4CE22B6-2F6F-456D-A502-7914DBC3CEA8}.QA-AOBrightcove|Any CPU.Build.0 = QA-AOBrightcove|Any CPU
		{C4CE22B6-2F6F-456D-A502-7914DBC3CEA8}.Release|Any CPU.ActiveCfg = Release|Any CPU
		{C4CE22B6-2F6F-456D-A502-7914DBC3CEA8}.Release|Any CPU.Build.0 = Release|Any CPU
		{B6C4132F-37F9-4719-8A65-A33A095C4191}.Debug|Any CPU.ActiveCfg = Debug|Any CPU
		{B6C4132F-37F9-4719-8A65-A33A095C4191}.Debug|Any CPU.Build.0 = Debug|Any CPU
		{B6C4132F-37F9-4719-8A65-A33A095C4191}.DEV-AOBrightcove|Any CPU.ActiveCfg = DEV-AOBrightcove|Any CPU
		{B6C4132F-37F9-4719-8A65-A33A095C4191}.DEV-AOBrightcove|Any CPU.Build.0 = DEV-AOBrightcove|Any CPU
		{B6C4132F-37F9-4719-8A65-A33A095C4191}.QA-AOBrightcove|Any CPU.ActiveCfg = QA-AOBrightcove|Any CPU
		{B6C4132F-37F9-4719-8A65-A33A095C4191}.QA-AOBrightcove|Any CPU.Build.0 = QA-AOBrightcove|Any CPU
		{B6C4132F-37F9-4719-8A65-A33A095C4191}.Release|Any CPU.ActiveCfg = Release|Any CPU
		{B6C4132F-37F9-4719-8A65-A33A095C4191}.Release|Any CPU.Build.0 = Release|Any CPU
		{8F19ABE6-26A3-4062-87EC-DA820173916A}.Debug|Any CPU.ActiveCfg = Debug|Any CPU
		{8F19ABE6-26A3-4062-87EC-DA820173916A}.DEV-AOBrightcove|Any CPU.ActiveCfg = DEV-AOBrightcove|Any CPU
		{8F19ABE6-26A3-4062-87EC-DA820173916A}.DEV-AOBrightcove|Any CPU.Build.0 = DEV-AOBrightcove|Any CPU
		{8F19ABE6-26A3-4062-87EC-DA820173916A}.DEV-AOBrightcove|Any CPU.Deploy.0 = DEV-AOBrightcove|Any CPU
		{8F19ABE6-26A3-4062-87EC-DA820173916A}.QA-AOBrightcove|Any CPU.ActiveCfg = QA-AOBrightcove|Any CPU
		{8F19ABE6-26A3-4062-87EC-DA820173916A}.QA-AOBrightcove|Any CPU.Build.0 = QA-AOBrightcove|Any CPU
		{8F19ABE6-26A3-4062-87EC-DA820173916A}.QA-AOBrightcove|Any CPU.Deploy.0 = QA-AOBrightcove|Any CPU
		{8F19ABE6-26A3-4062-87EC-DA820173916A}.Release|Any CPU.ActiveCfg = Release|Any CPU
		{6854339A-849A-451D-937B-A0DA409FBDA6}.Debug|Any CPU.ActiveCfg = Debug|Any CPU
		{6854339A-849A-451D-937B-A0DA409FBDA6}.DEV-AOBrightcove|Any CPU.ActiveCfg = DEV-AOBrightcove|Any CPU
		{6854339A-849A-451D-937B-A0DA409FBDA6}.DEV-AOBrightcove|Any CPU.Build.0 = DEV-AOBrightcove|Any CPU
		{6854339A-849A-451D-937B-A0DA409FBDA6}.DEV-AOBrightcove|Any CPU.Deploy.0 = DEV-AOBrightcove|Any CPU
		{6854339A-849A-451D-937B-A0DA409FBDA6}.QA-AOBrightcove|Any CPU.ActiveCfg = QA-AOBrightcove|Any CPU
		{6854339A-849A-451D-937B-A0DA409FBDA6}.QA-AOBrightcove|Any CPU.Build.0 = QA-AOBrightcove|Any CPU
		{6854339A-849A-451D-937B-A0DA409FBDA6}.QA-AOBrightcove|Any CPU.Deploy.0 = QA-AOBrightcove|Any CPU
		{6854339A-849A-451D-937B-A0DA409FBDA6}.Release|Any CPU.ActiveCfg = Release|Any CPU
		{3113595F-4B0F-4F41-AACA-62990EFA6729}.Debug|Any CPU.ActiveCfg = Debug|Any CPU
		{3113595F-4B0F-4F41-AACA-62990EFA6729}.DEV-AOBrightcove|Any CPU.ActiveCfg = Debug|Any CPU
		{3113595F-4B0F-4F41-AACA-62990EFA6729}.QA-AOBrightcove|Any CPU.ActiveCfg = QA-AOBrightcove|Any CPU
		{3113595F-4B0F-4F41-AACA-62990EFA6729}.Release|Any CPU.ActiveCfg = Release|Any CPU
	EndGlobalSection
	GlobalSection(SolutionProperties) = preSolution
		HideSolutionNode = FALSE
	EndGlobalSection
	GlobalSection(NestedProjects) = preSolution
		{25D2BA55-EF45-470D-8AA0-6B229ACEAC47} = {17D81DEE-EECA-4938-B14F-693F3DDBA059}
	EndGlobalSection
	GlobalSection(ExtensibilityGlobals) = postSolution
		EnterpriseLibraryConfigurationToolBinariesPathV6 = packages\EnterpriseLibrary.Common.6.0.1304.0\lib\NET45;packages\EnterpriseLibrary.Data.6.0.1304.0\lib\NET45
	EndGlobalSection
EndGlobal
